{
  "name": "vegas-rendering-queue",
  "version": "1.0.0",
  "lockfileVersion": 2,
  "requires": true,
  "packages": {
    "": {
      "version": "1.0.0",
      "license": "ISC",
      "dependencies": {
        "fs": "0.0.1-security",
        "node": "^12.6.0"
      }
    },
    "node_modules/fs": {
      "version": "0.0.1-security",
      "license": "ISC"
    },
    "node_modules/node": {
      "version": "12.18.3",
      "hasInstallScript": true,
      "license": "ISC",
      "dependencies": {
        "node-bin-setup": "^1.0.0"
      },
      "bin": {
        "node": "bin/node.exe"
      },
      "engines": {
        "npm": ">=5.0.0"
      }
    },
    "node_modules/node-bin-setup": {
      "version": "1.0.6",
      "extraneous": true,
      "license": "ISC"
    },
    "node_modules/node/node_modules/node-bin-setup": {
      "version": "1.0.6",
      "license": "ISC"
    },
    "node_modules/node/node_modules/node-win-x64": {
      "version": "v12.18.3",
      "cpu": "x64",
      "extraneous": true,
      "os": "win32",
      "bin": {
        "node": "bin/node.exe"
      }
    }
  },
  "dependencies": {
    "@pierreminiggio/vegas-pro-17-script-portal-dll": {
      "version": "github:pierreminiggio/vegas-pro-17-script-portal-dll#b490eb5114b6762a5e8fe608142809be196aa931",
      "from": "github:pierreminiggio/vegas-pro-17-script-portal-dll"
    },
    "fs": {
      "version": "0.0.1-security"
    },
    "node": {
      "version": "12.18.3",
      "requires": {
        "node-bin-setup": "^1.0.0"
      },
      "dependencies": {
        "node-bin-setup": {
          "version": "1.0.6"
        },
        "node-win-x64": {
          "version": "v12.18.3",
          "extraneous": true
        }
      }
    },
    "node-bin-setup": {
      "version": "1.0.6",
      "extraneous": true
    }
  }
}
